
Microsoft Visual Studio Solution File, Format Version 12.00
# Visual Studio 2012
Project("{FAE04EC0-301F-11D3-BF4B-00C04F79EFBC}") = "TestEmptyConsoleApp", "TestEmptyConsoleApp\TestEmptyConsoleApp.csproj", "{81FF0A67-9C8F-4D3B-878B-37F3124C69BA}"
EndProject
Global
	GlobalSection(SolutionConfigurationPlatforms) = preSolution
		Debug|Any CPU = Debug|Any CPU
		Release|Any CPU = Release|Any CPU
	EndGlobalSection
	GlobalSection(ProjectConfigurationPlatforms) = postSolution
		{81FF0A67-9C8F-4D3B-878B-37F3124C69BA}.Debug|Any CPU.ActiveCfg = Debug|Any CPU
		{81FF0A67-9C8F-4D3B-878B-37F3124C69BA}.Debug|Any CPU.Build.0 = Debug|Any CPU
		{81FF0A67-9C8F-4D3B-878B-37F3124C69BA}.Release|Any CPU.ActiveCfg = Release|Any CPU
		{81FF0A67-9C8F-4D3B-878B-37F3124C69BA}.Release|Any CPU.Build.0 = Release|Any CPU
	EndGlobalSection
	GlobalSection(SolutionProperties) = preSolution
		HideSolutionNode = FALSE
	EndGlobalSection
EndGlobal
